// !$*UTF8*$!
{
	archiveVersion = 1;
	classes = {
	};
	objectVersion = 77;
	objects = {

/* Begin PBXContainerItemProxy section */
		0CDDD1872DD56FD7006913E6 /* PBXContainerItemProxy */ = {
			isa = PBXContainerItemProxy;
			containerPortal = 0CDDD16E2DD56FD4006913E6 /* Project object */;
			proxyType = 1;
			remoteGlobalIDString = 0CDDD1752DD56FD4006913E6;
			remoteInfo = Kadai01;
		};
		0CDDD1912DD56FD7006913E6 /* PBXContainerItemProxy */ = {
			isa = PBXContainerItemProxy;
			containerPortal = 0CDDD16E2DD56FD4006913E6 /* Project object */;
			proxyType = 1;
			remoteGlobalIDString = 0CDDD1752DD56FD4006913E6;
			remoteInfo = Kadai01;
		};
/* End PBXContainerItemProxy section */

/* Begin PBXFileReference section */
		0CDDD1762DD56FD4006913E6 /* Kadai01.app */ = {isa = PBXFileReference; explicitFileType = wrapper.application; includeInIndex = 0; path = Kadai01.app; sourceTree = BUILT_PRODUCTS_DIR; };
		0CDDD1862DD56FD7006913E6 /* Kadai01Tests.xctest */ = {isa = PBXFileReference; explicitFileType = wrapper.cfbundle; includeInIndex = 0; path = Kadai01Tests.xctest; sourceTree = BUILT_PRODUCTS_DIR; };
		0CDDD1902DD56FD7006913E6 /* Kadai01UITests.xctest */ = {isa = PBXFileReference; explicitFileType = wrapper.cfbundle; includeInIndex = 0; path = Kadai01UITests.xctest; sourceTree = BUILT_PRODUCTS_DIR; };
/* End PBXFileReference section */

/* Begin PBXFileSystemSynchronizedRootGroup section */
		0CDDD1782DD56FD4006913E6 /* Kadai01 */ = {
			isa = PBXFileSystemSynchronizedRootGroup;
			path = Kadai01;
			sourceTree = "<group>";
		};
		0CDDD1892DD56FD7006913E6 /* Kadai01Tests */ = {
			isa = PBXFileSystemSynchronizedRootGroup;
			path = Kadai01Tests;
			sourceTree = "<group>";
		};
		0CDDD1932DD56FD7006913E6 /* Kadai01UITests */ = {
			isa = PBXFileSystemSynchronizedRootGroup;
			path = Kadai01UITests;
			sourceTree = "<group>";
		};
/* End PBXFileSystemSynchronizedRootGroup section */

/* Begin PBXFrameworksBuildPhase section */
		0CDDD1732DD56FD4006913E6 /* Frameworks */ = {
			isa = PBXFrameworksBuildPhase;
			buildActionMask = 2147483647;
			files = (
			);
			runOnlyForDeploymentPostprocessing = 0;
		};
		0CDDD1832DD56FD7006913E6 /* Frameworks */ = {
			isa = PBXFrameworksBuildPhase;
			buildActionMask = 2147483647;
			files = (
			);
			runOnlyForDeploymentPostprocessing = 0;
		};
		0CDDD18D2DD56FD7006913E6 /* Frameworks */ = {
			isa = PBXFrameworksBuildPhase;
			buildActionMask = 2147483647;
			files = (
			);
			runOnlyForDeploymentPostprocessing = 0;
		};
/* End PBXFrameworksBuildPhase section */

/* Begin PBXGroup section */
		0CDDD16D2DD56FD4006913E6 = {
			isa = PBXGroup;
			children = (
				0CDDD1782DD56FD4006913E6 /* Kadai01 */,
				0CDDD1892DD56FD7006913E6 /* Kadai01Tests */,
				0CDDD1932DD56FD7006913E6 /* Kadai01UITests */,
				0CDDD1772DD56FD4006913E6 /* Products */,
			);
			sourceTree = "<group>";
		};
		0CDDD1772DD56FD4006913E6 /* Products */ = {
			isa = PBXGroup;
			children = (
				0CDDD1762DD56FD4006913E6 /* Kadai01.app */,
				0CDDD1862DD56FD7006913E6 /* Kadai01Tests.xctest */,
				0CDDD1902DD56FD7006913E6 /* Kadai01UITests.xctest */,
			);
			name = Products;
			sourceTree = "<group>";
		};
/* End PBXGroup section */

/* Begin PBXNativeTarget section */
		0CDDD1752DD56FD4006913E6 /* Kadai01 */ = {
			isa = PBXNativeTarget;
			buildConfigurationList = 0CDDD19A2DD56FD7006913E6 /* Build configuration list for PBXNativeTarget "Kadai01" */;
			buildPhases = (
				0CDDD1722DD56FD4006913E6 /* Sources */,
				0CDDD1732DD56FD4006913E6 /* Frameworks */,
				0CDDD1742DD56FD4006913E6 /* Resources */,
			);
			buildRules = (
			);
			dependencies = (
			);
			fileSystemSynchronizedGroups = (
				0CDDD1782DD56FD4006913E6 /* Kadai01 */,
			);
			name = Kadai01;
			packageProductDependencies = (
			);
			productName = Kadai01;
			productReference = 0CDDD1762DD56FD4006913E6 /* Kadai01.app */;
			productType = "com.apple.product-type.application";
		};
		0CDDD1852DD56FD7006913E6 /* Kadai01Tests */ = {
			isa = PBXNativeTarget;
			buildConfigurationList = 0CDDD19D2DD56FD7006913E6 /* Build configuration list for PBXNativeTarget "Kadai01Tests" */;
			buildPhases = (
				0CDDD1822DD56FD7006913E6 /* Sources */,
				0CDDD1832DD56FD7006913E6 /* Frameworks */,
				0CDDD1842DD56FD7006913E6 /* Resources */,
			);
			buildRules = (
			);
			dependencies = (
				0CDDD1882DD56FD7006913E6 /* PBXTargetDependency */,
			);
			fileSystemSynchronizedGroups = (
				0CDDD1892DD56FD7006913E6 /* Kadai01Tests */,
			);
			name = Kadai01Tests;
			packageProductDependencies = (
			);
			productName = Kadai01Tests;
			productReference = 0CDDD1862DD56FD7006913E6 /* Kadai01Tests.xctest */;
			productType = "com.apple.product-type.bundle.unit-test";
		};
		0CDDD18F2DD56FD7006913E6 /* Kadai01UITests */ = {
			isa = PBXNativeTarget;
			buildConfigurationList = 0CDDD1A02DD56FD7006913E6 /* Build configuration list for PBXNativeTarget "Kadai01UITests" */;
			buildPhases = (
				0CDDD18C2DD56FD7006913E6 /* Sources */,
				0CDDD18D2DD56FD7006913E6 /* Frameworks */,
				0CDDD18E2DD56FD7006913E6 /* Resources */,
			);
			buildRules = (
			);
			dependencies = (
				0CDDD1922DD56FD7006913E6 /* PBXTargetDependency */,
			);
			fileSystemSynchronizedGroups = (
				0CDDD1932DD56FD7006913E6 /* Kadai01UITests */,
			);
			name = Kadai01UITests;
			packageProductDependencies = (
			);
			productName = Kadai01UITests;
			productReference = 0CDDD1902DD56FD7006913E6 /* Kadai01UITests.xctest */;
			productType = "com.apple.product-type.bundle.ui-testing";
		};
/* End PBXNativeTarget section */

/* Begin PBXProject section */
		0CDDD16E2DD56FD4006913E6 /* Project object */ = {
			isa = PBXProject;
			attributes = {
				BuildIndependentTargetsInParallel = 1;
				LastSwiftUpdateCheck = 1620;
				LastUpgradeCheck = 1620;
				TargetAttributes = {
					0CDDD1752DD56FD4006913E6 = {
						CreatedOnToolsVersion = 16.2;
					};
					0CDDD1852DD56FD7006913E6 = {
						CreatedOnToolsVersion = 16.2;
						TestTargetID = 0CDDD1752DD56FD4006913E6;
					};
					0CDDD18F2DD56FD7006913E6 = {
						CreatedOnToolsVersion = 16.2;
						TestTargetID = 0CDDD1752DD56FD4006913E6;
					};
				};
			};
			buildConfigurationList = 0CDDD1712DD56FD4006913E6 /* Build configuration list for PBXProject "Kadai01" */;
			developmentRegion = en;
			hasScannedForEncodings = 0;
			knownRegions = (
				en,
				Base,
			);
			mainGroup = 0CDDD16D2DD56FD4006913E6;
			minimizedProjectReferenceProxies = 1;
			preferredProjectObjectVersion = 77;
			productRefGroup = 0CDDD1772DD56FD4006913E6 /* Products */;
			projectDirPath = "";
			projectRoot = "";
			targets = (
				0CDDD1752DD56FD4006913E6 /* Kadai01 */,
				0CDDD1852DD56FD7006913E6 /* Kadai01Tests */,
				0CDDD18F2DD56FD7006913E6 /* Kadai01UITests */,
			);
		};
/* End PBXProject section */

/* Begin PBXResourcesBuildPhase section */
		0CDDD1742DD56FD4006913E6 /* Resources */ = {
			isa = PBXResourcesBuildPhase;
			buildActionMask = 2147483647;
			files = (
			);
			runOnlyForDeploymentPostprocessing = 0;
		};
		0CDDD1842DD56FD7006913E6 /* Resources */ = {
			isa = PBXResourcesBuildPhase;
			buildActionMask = 2147483647;
			files = (
			);
			runOnlyForDeploymentPostprocessing = 0;
		};
		0CDDD18E2DD56FD7006913E6 /* Resources */ = {
			isa = PBXResourcesBuildPhase;
			buildActionMask = 2147483647;
			files = (
			);
			runOnlyForDeploymentPostprocessing = 0;
		};
/* End PBXResourcesBuildPhase section */

/* Begin PBXSourcesBuildPhase section */
		0CDDD1722DD56FD4006913E6 /* Sources */ = {
			isa = PBXSourcesBuildPhase;
			buildActionMask = 2147483647;
			files = (
			);
			runOnlyForDeploymentPostprocessing = 0;
		};
		0CDDD1822DD56FD7006913E6 /* Sources */ = {
			isa = PBXSourcesBuildPhase;
			buildActionMask = 2147483647;
			files = (
			);
			runOnlyForDeploymentPostprocessing = 0;
		};
		0CDDD18C2DD56FD7006913E6 /* Sources */ = {
			isa = PBXSourcesBuildPhase;
			buildActionMask = 2147483647;
			files = (
			);
			runOnlyForDeploymentPostprocessing = 0;
		};
/* End PBXSourcesBuildPhase section */

/* Begin PBXTargetDependency section */
		0CDDD1882DD56FD7006913E6 /* PBXTargetDependency */ = {
			isa = PBXTargetDependency;
			target = 0CDDD1752DD56FD4006913E6 /* Kadai01 */;
			targetProxy = 0CDDD1872DD56FD7006913E6 /* PBXContainerItemProxy */;
		};
		0CDDD1922DD56FD7006913E6 /* PBXTargetDependency */ = {
			isa = PBXTargetDependency;
			target = 0CDDD1752DD56FD4006913E6 /* Kadai01 */;
			targetProxy = 0CDDD1912DD56FD7006913E6 /* PBXContainerItemProxy */;
		};
/* End PBXTargetDependency section */

/* Begin XCBuildConfiguration section */
		0CDDD1982DD56FD7006913E6 /* Debug */ = {
			isa = XCBuildConfiguration;
			buildSettings = {
				ALWAYS_SEARCH_USER_PATHS = NO;
				ASSETCATALOG_COMPILER_GENERATE_SWIFT_ASSET_SYMBOL_EXTENSIONS = YES;
				CLANG_ANALYZER_NONNULL = YES;
				CLANG_ANALYZER_NUMBER_OBJECT_CONVERSION = YES_AGGRESSIVE;
				CLANG_CXX_LANGUAGE_STANDARD = "gnu++20";
				CLANG_ENABLE_MODULES = YES;
				CLANG_ENABLE_OBJC_ARC = YES;
				CLANG_ENABLE_OBJC_WEAK = YES;
				CLANG_WARN_BLOCK_CAPTURE_AUTORELEASING = YES;
				CLANG_WARN_BOOL_CONVERSION = YES;
				CLANG_WARN_COMMA = YES;
				CLANG_WARN_CONSTANT_CONVERSION = YES;
				CLANG_WARN_DEPRECATED_OBJC_IMPLEMENTATIONS = YES;
				CLANG_WARN_DIRECT_OBJC_ISA_USAGE = YES_ERROR;
				CLANG_WARN_DOCUMENTATION_COMMENTS = YES;
				CLANG_WARN_EMPTY_BODY = YES;
				CLANG_WARN_ENUM_CONVERSION = YES;
				CLANG_WARN_INFINITE_RECURSION = YES;
				CLANG_WARN_INT_CONVERSION = YES;
				CLANG_WARN_NON_LITERAL_NULL_CONVERSION = YES;
				CLANG_WARN_OBJC_IMPLICIT_RETAIN_SELF = YES;
				CLANG_WARN_OBJC_LITERAL_CONVERSION = YES;
				CLANG_WARN_OBJC_ROOT_CLASS = YES_ERROR;
				CLANG_WARN_QUOTED_INCLUDE_IN_FRAMEWORK_HEADER = YES;
				CLANG_WARN_RANGE_LOOP_ANALYSIS = YES;
				CLANG_WARN_STRICT_PROTOTYPES = YES;
				CLANG_WARN_SUSPICIOUS_MOVE = YES;
				CLANG_WARN_UNGUARDED_AVAILABILITY = YES_AGGRESSIVE;
				CLANG_WARN_UNREACHABLE_CODE = YES;
				CLANG_WARN__DUPLICATE_METHOD_MATCH = YES;
				COPY_PHASE_STRIP = NO;
				DEBUG_INFORMATION_FORMAT = dwarf;
				ENABLE_STRICT_OBJC_MSGSEND = YES;
				ENABLE_TESTABILITY = YES;
				ENABLE_USER_SCRIPT_SANDBOXING = YES;
				GCC_C_LANGUAGE_STANDARD = gnu17;
				GCC_DYNAMIC_NO_PIC = NO;
				GCC_NO_COMMON_BLOCKS = YES;
				GCC_OPTIMIZATION_LEVEL = 0;
				GCC_PREPROCESSOR_DEFINITIONS = (
					"DEBUG=1",
					"$(inherited)",
				);
				GCC_WARN_64_TO_32_BIT_CONVERSION = YES;
				GCC_WARN_ABOUT_RETURN_TYPE = YES_ERROR;
				GCC_WARN_UNDECLARED_SELECTOR = YES;
				GCC_WARN_UNINITIALIZED_AUTOS = YES_AGGRESSIVE;
				GCC_WARN_UNUSED_FUNCTION = YES;
				GCC_WARN_UNUSED_VARIABLE = YES;
				IPHONEOS_DEPLOYMENT_TARGET = 18.2;
				LOCALIZATION_PREFERS_STRING_CATALOGS = YES;
				MTL_ENABLE_DEBUG_INFO = INCLUDE_SOURCE;
				MTL_FAST_MATH = YES;
				ONLY_ACTIVE_ARCH = YES;
				SDKROOT = iphoneos;
				SWIFT_ACTIVE_COMPILATION_CONDITIONS = "DEBUG $(inherited)";
				SWIFT_OPTIMIZATION_LEVEL = "-Onone";
			};
			name = Debug;
		};
		0CDDD1992DD56FD7006913E6 /* Release */ = {
			isa = XCBuildConfiguration;
			buildSettings = {
				ALWAYS_SEARCH_USER_PATHS = NO;
				ASSETCATALOG_COMPILER_GENERATE_SWIFT_ASSET_SYMBOL_EXTENSIONS = YES;
				CLANG_ANALYZER_NONNULL = YES;
				CLANG_ANALYZER_NUMBER_OBJECT_CONVERSION = YES_AGGRESSIVE;
				CLANG_CXX_LANGUAGE_STANDARD = "gnu++20";
				CLANG_ENABLE_MODULES = YES;
				CLANG_ENABLE_OBJC_ARC = YES;
				CLANG_ENABLE_OBJC_WEAK = YES;
				CLANG_WARN_BLOCK_CAPTURE_AUTORELEASING = YES;
				CLANG_WARN_BOOL_CONVERSION = YES;
				CLANG_WARN_COMMA = YES;
				CLANG_WARN_CONSTANT_CONVERSION = YES;
				CLANG_WARN_DEPRECATED_OBJC_IMPLEMENTATIONS = YES;
				CLANG_WARN_DIRECT_OBJC_ISA_USAGE = YES_ERROR;
				CLANG_WARN_DOCUMENTATION_COMMENTS = YES;
				CLANG_WARN_EMPTY_BODY = YES;
				CLANG_WARN_ENUM_CONVERSION = YES;
				CLANG_WARN_INFINITE_RECURSION = YES;
				CLANG_WARN_INT_CONVERSION = YES;
				CLANG_WARN_NON_LITERAL_NULL_CONVERSION = YES;
				CLANG_WARN_OBJC_IMPLICIT_RETAIN_SELF = YES;
				CLANG_WARN_OBJC_LITERAL_CONVERSION = YES;
				CLANG_WARN_OBJC_ROOT_CLASS = YES_ERROR;
				CLANG_WARN_QUOTED_INCLUDE_IN_FRAMEWORK_HEADER = YES;
				CLANG_WARN_RANGE_LOOP_ANALYSIS = YES;
				CLANG_WARN_STRICT_PROTOTYPES = YES;
				CLANG_WARN_SUSPICIOUS_MOVE = YES;
				CLANG_WARN_UNGUARDED_AVAILABILITY = YES_AGGRESSIVE;
				CLANG_WARN_UNREACHABLE_CODE = YES;
				CLANG_WARN__DUPLICATE_METHOD_MATCH = YES;
				COPY_PHASE_STRIP = NO;
				DEBUG_INFORMATION_FORMAT = "dwarf-with-dsym";
				ENABLE_NS_ASSERTIONS = NO;
				ENABLE_STRICT_OBJC_MSGSEND = YES;
				ENABLE_USER_SCRIPT_SANDBOXING = YES;
				GCC_C_LANGUAGE_STANDARD = gnu17;
				GCC_NO_COMMON_BLOCKS = YES;
				GCC_WARN_64_TO_32_BIT_CONVERSION = YES;
				GCC_WARN_ABOUT_RETURN_TYPE = YES_ERROR;
				GCC_WARN_UNDECLARED_SELECTOR = YES;
				GCC_WARN_UNINITIALIZED_AUTOS = YES_AGGRESSIVE;
				GCC_WARN_UNUSED_FUNCTION = YES;
				GCC_WARN_UNUSED_VARIABLE = YES;
				IPHONEOS_DEPLOYMENT_TARGET = 18.2;
				LOCALIZATION_PREFERS_STRING_CATALOGS = YES;
				MTL_ENABLE_DEBUG_INFO = NO;
				MTL_FAST_MATH = YES;
				SDKROOT = iphoneos;
				SWIFT_COMPILATION_MODE = wholemodule;
				VALIDATE_PRODUCT = YES;
			};
			name = Release;
		};
		0CDDD19B2DD56FD7006913E6 /* Debug */ = {
			isa = XCBuildConfiguration;
			buildSettings = {
				ASSETCATALOG_COMPILER_APPICON_NAME = AppIcon;
				ASSETCATALOG_COMPILER_GLOBAL_ACCENT_COLOR_NAME = AccentColor;
				CODE_SIGN_STYLE = Automatic;
				CURRENT_PROJECT_VERSION = 1;
				DEVELOPMENT_ASSET_PATHS = "\"Kadai01/Preview Content\"";
				ENABLE_PREVIEWS = YES;
				GENERATE_INFOPLIST_FILE = YES;
				INFOPLIST_KEY_UIApplicationSceneManifest_Generation = YES;
				INFOPLIST_KEY_UIApplicationSupportsIndirectInputEvents = YES;
				INFOPLIST_KEY_UILaunchScreen_Generation = YES;
				INFOPLIST_KEY_UISupportedInterfaceOrientations_iPad = "UIInterfaceOrientationPortrait UIInterfaceOrientationPortraitUpsideDown UIInterfaceOrientationLandscapeLeft UIInterfaceOrientationLandscapeRight";
				INFOPLIST_KEY_UISupportedInterfaceOrientations_iPhone = "UIInterfaceOrientationPortrait UIInterfaceOrientationLandscapeLeft UIInterfaceOrientationLandscapeRight";
				LD_RUNPATH_SEARCH_PATHS = (
					"$(inherited)",
					"@executable_path/Frameworks",
				);
				MARKETING_VERSION = 1.0;
				PRODUCT_BUNDLE_IDENTIFIER = "yuma-satake.Kadai01";
				PRODUCT_NAME = "$(TARGET_NAME)";
				SWIFT_EMIT_LOC_STRINGS = YES;
				SWIFT_VERSION = 5.0;
				TARGETED_DEVICE_FAMILY = "1,2";
			};
			name = Debug;
		};
		0CDDD19C2DD56FD7006913E6 /* Release */ = {
			isa = XCBuildConfiguration;
			buildSettings = {
				ASSETCATALOG_COMPILER_APPICON_NAME = AppIcon;
				ASSETCATALOG_COMPILER_GLOBAL_ACCENT_COLOR_NAME = AccentColor;
				CODE_SIGN_STYLE = Automatic;
				CURRENT_PROJECT_VERSION = 1;
				DEVELOPMENT_ASSET_PATHS = "\"Kadai01/Preview Content\"";
				ENABLE_PREVIEWS = YES;
				GENERATE_INFOPLIST_FILE = YES;
				INFOPLIST_KEY_UIApplicationSceneManifest_Generation = YES;
				INFOPLIST_KEY_UIApplicationSupportsIndirectInputEvents = YES;
				INFOPLIST_KEY_UILaunchScreen_Generation = YES;
				INFOPLIST_KEY_UISupportedInterfaceOrientations_iPad = "UIInterfaceOrientationPortrait UIInterfaceOrientationPortraitUpsideDown UIInterfaceOrientationLandscapeLeft UIInterfaceOrientationLandscapeRight";
				INFOPLIST_KEY_UISupportedInterfaceOrientations_iPhone = "UIInterfaceOrientationPortrait UIInterfaceOrientationLandscapeLeft UIInterfaceOrientationLandscapeRight";
				LD_RUNPATH_SEARCH_PATHS = (
					"$(inherited)",
					"@executable_path/Frameworks",
				);
				MARKETING_VERSION = 1.0;
				PRODUCT_BUNDLE_IDENTIFIER = "yuma-satake.Kadai01";
				PRODUCT_NAME = "$(TARGET_NAME)";
				SWIFT_EMIT_LOC_STRINGS = YES;
				SWIFT_VERSION = 5.0;
				TARGETED_DEVICE_FAMILY = "1,2";
			};
			name = Release;
		};
		0CDDD19E2DD56FD7006913E6 /* Debug */ = {
			isa = XCBuildConfiguration;
			buildSettings = {
				BUNDLE_LOADER = "$(TEST_HOST)";
				CODE_SIGN_STYLE = Automatic;
				CURRENT_PROJECT_VERSION = 1;
				GENERATE_INFOPLIST_FILE = YES;
				IPHONEOS_DEPLOYMENT_TARGET = 18.2;
				MARKETING_VERSION = 1.0;
				PRODUCT_BUNDLE_IDENTIFIER = "yuma-satake.Kadai01Tests";
				PRODUCT_NAME = "$(TARGET_NAME)";
				SWIFT_EMIT_LOC_STRINGS = NO;
				SWIFT_VERSION = 5.0;
				TARGETED_DEVICE_FAMILY = "1,2";
				TEST_HOST = "$(BUILT_PRODUCTS_DIR)/Kadai01.app/$(BUNDLE_EXECUTABLE_FOLDER_PATH)/Kadai01";
			};
			name = Debug;
		};
		0CDDD19F2DD56FD7006913E6 /* Release */ = {
			isa = XCBuildConfiguration;
			buildSettings = {
				BUNDLE_LOADER = "$(TEST_HOST)";
				CODE_SIGN_STYLE = Automatic;
				CURRENT_PROJECT_VERSION = 1;
				GENERATE_INFOPLIST_FILE = YES;
				IPHONEOS_DEPLOYMENT_TARGET = 18.2;
				MARKETING_VERSION = 1.0;
				PRODUCT_BUNDLE_IDENTIFIER = "yuma-satake.Kadai01Tests";
				PRODUCT_NAME = "$(TARGET_NAME)";
				SWIFT_EMIT_LOC_STRINGS = NO;
				SWIFT_VERSION = 5.0;
				TARGETED_DEVICE_FAMILY = "1,2";
				TEST_HOST = "$(BUILT_PRODUCTS_DIR)/Kadai01.app/$(BUNDLE_EXECUTABLE_FOLDER_PATH)/Kadai01";
			};
			name = Release;
		};
		0CDDD1A12DD56FD7006913E6 /* Debug */ = {
			isa = XCBuildConfiguration;
			buildSettings = {
				CODE_SIGN_STYLE = Automatic;
				CURRENT_PROJECT_VERSION = 1;
				GENERATE_INFOPLIST_FILE = YES;
				MARKETING_VERSION = 1.0;
				PRODUCT_BUNDLE_IDENTIFIER = "yuma-satake.Kadai01UITests";
				PRODUCT_NAME = "$(TARGET_NAME)";
				SWIFT_EMIT_LOC_STRINGS = NO;
				SWIFT_VERSION = 5.0;
				TARGETED_DEVICE_FAMILY = "1,2";
				TEST_TARGET_NAME = Kadai01;
			};
			name = Debug;
		};
		0CDDD1A22DD56FD7006913E6 /* Release */ = {
			isa = XCBuildConfiguration;
			buildSettings = {
				CODE_SIGN_STYLE = Automatic;
				CURRENT_PROJECT_VERSION = 1;
				GENERATE_INFOPLIST_FILE = YES;
				MARKETING_VERSION = 1.0;
				PRODUCT_BUNDLE_IDENTIFIER = "yuma-satake.Kadai01UITests";
				PRODUCT_NAME = "$(TARGET_NAME)";
				SWIFT_EMIT_LOC_STRINGS = NO;
				SWIFT_VERSION = 5.0;
				TARGETED_DEVICE_FAMILY = "1,2";
				TEST_TARGET_NAME = Kadai01;
			};
			name = Release;
		};
/* End XCBuildConfiguration section */

/* Begin XCConfigurationList section */
		0CDDD1712DD56FD4006913E6 /* Build configuration list for PBXProject "Kadai01" */ = {
			isa = XCConfigurationList;
			buildConfigurations = (
				0CDDD1982DD56FD7006913E6 /* Debug */,
				0CDDD1992DD56FD7006913E6 /* Release */,
			);
			defaultConfigurationIsVisible = 0;
			defaultConfigurationName = Release;
		};
		0CDDD19A2DD56FD7006913E6 /* Build configuration list for PBXNativeTarget "Kadai01" */ = {
			isa = XCConfigurationList;
			buildConfigurations = (
				0CDDD19B2DD56FD7006913E6 /* Debug */,
				0CDDD19C2DD56FD7006913E6 /* Release */,
			);
			defaultConfigurationIsVisible = 0;
			defaultConfigurationName = Release;
		};
		0CDDD19D2DD56FD7006913E6 /* Build configuration list for PBXNativeTarget "Kadai01Tests" */ = {
			isa = XCConfigurationList;
			buildConfigurations = (
				0CDDD19E2DD56FD7006913E6 /* Debug */,
				0CDDD19F2DD56FD7006913E6 /* Release */,
			);
			defaultConfigurationIsVisible = 0;
			defaultConfigurationName = Release;
		};
		0CDDD1A02DD56FD7006913E6 /* Build configuration list for PBXNativeTarget "Kadai01UITests" */ = {
			isa = XCConfigurationList;
			buildConfigurations = (
				0CDDD1A12DD56FD7006913E6 /* Debug */,
				0CDDD1A22DD56FD7006913E6 /* Release */,
			);
			defaultConfigurationIsVisible = 0;
			defaultConfigurationName = Release;
		};
/* End XCConfigurationList section */
	};
	rootObject = 0CDDD16E2DD56FD4006913E6 /* Project object */;
}
